<?xml version="1.0" encoding="utf-8"?>
<Project ToolsVersion="4.0" xmlns="http://schemas.microsoft.com/developer/msbuild/2003">
  <ItemGroup>
    <Filter Include="Исходные файлы">
      <UniqueIdentifier>{4FC737F1-C7A5-4376-A066-2A32D752A2FF}</UniqueIdentifier>
      <Extensions>cpp;c;cc;cxx;c++;cppm;ixx;def;odl;idl;hpj;bat;asm;asmx</Extensions>
    </Filter>
    <Filter Include="Файлы заголовков">
      <UniqueIdentifier>{93995380-89BD-4b04-88EB-625FBE52EBFB}</UniqueIdentifier>
      <Extensions>h;hh;hpp;hxx;h++;hm;inl;inc;ipp;xsd</Extensions>
    </Filter>
    <Filter Include="Файлы ресурсов">
      <UniqueIdentifier>{67DA6AB6-F800-4c08-8B7A-83BB121AAD01}</UniqueIdentifier>
      <Extensions>rc;ico;cur;bmp;dlg;rc2;rct;bin;rgs;gif;jpg;jpeg;jpe;resx;tiff;tif;png;wav;mfcribbon-ms</Extensions>
    </Filter>
    <Filter Include="Файлы заголовков\Cellls">
      <UniqueIdentifier>{9218cbba-9729-4281-b50f-82a91741f2fd}</UniqueIdentifier>
    </Filter>
    <Filter Include="Исходные файлы\Cells">
      <UniqueIdentifier>{a9316bbd-a21f-4f56-bfd9-1d22c953a24c}</UniqueIdentifier>
    </Filter>
    <Filter Include="Файлы заголовков\Exceptions">
      <UniqueIdentifier>{f1ef63a7-cf00-4ebf-a272-b8220ea8a635}</UniqueIdentifier>
    </Filter>
    <Filter Include="Исходные файлы\Exceptions">
      <UniqueIdentifier>{ab0eb276-5582-4313-92d6-a1095e6e887f}</UniqueIdentifier>
    </Filter>
    <Filter Include="Файлы заголовков\Entity">
      <UniqueIdentifier>{3685fbe3-d8fe-4839-b914-fc80b3e6b53f}</UniqueIdentifier>
    </Filter>
  </ItemGroup>
  <ItemGroup>
    <ClCompile Include="main.cpp">
      <Filter>Исходные файлы</Filter>
    </ClCompile>
    <ClCompile Include="Game.cpp">
      <Filter>Исходные файлы</Filter>
    </ClCompile>
    <ClCompile Include="Player.cpp">
      <Filter>Исходные файлы</Filter>
    </ClCompile>
    <ClCompile Include="Room.cpp">
      <Filter>Исходные файлы</Filter>
    </ClCompile>
    <ClCompile Include="ClearCell.cpp">
      <Filter>Исходные файлы\Cells</Filter>
    </ClCompile>
    <ClCompile Include="Exit.cpp">
      <Filter>Исходные файлы\Cells</Filter>
    </ClCompile>
    <ClCompile Include="PlayerCell.cpp">
      <Filter>Исходные файлы\Cells</Filter>
    </ClCompile>
    <ClCompile Include="Treasure.cpp">
      <Filter>Исходные файлы\Cells</Filter>
    </ClCompile>
    <ClCompile Include="Wall.cpp">
      <Filter>Исходные файлы\Cells</Filter>
    </ClCompile>
    <ClCompile Include="Singltone.cpp">
      <Filter>Исходные файлы</Filter>
    </ClCompile>
    <ClCompile Include="ExitsVector.cpp">
      <Filter>Исходные файлы</Filter>
    </ClCompile>
    <ClCompile Include="ExitException.cpp">
      <Filter>Исходные файлы\Exceptions</Filter>
    </ClCompile>
    <ClCompile Include="AddCellException.cpp">
      <Filter>Исходные файлы\Exceptions</Filter>
    </ClCompile>
  </ItemGroup>
  <ItemGroup>
    <ClInclude Include="Game.h">
      <Filter>Файлы заголовков</Filter>
    </ClInclude>
    <ClInclude Include="Room.h">
      <Filter>Файлы заголовков</Filter>
    </ClInclude>
    <ClInclude Include="Cell.h">
      <Filter>Файлы заголовков\Cellls</Filter>
    </ClInclude>
    <ClInclude Include="ClearCell.h">
      <Filter>Файлы заголовков\Cellls</Filter>
    </ClInclude>
    <ClInclude Include="Exit.h">
      <Filter>Файлы заголовков\Cellls</Filter>
    </ClInclude>
    <ClInclude Include="PlayerCell.h">
      <Filter>Файлы заголовков\Cellls</Filter>
    </ClInclude>
    <ClInclude Include="Treasure.h">
      <Filter>Файлы заголовков\Cellls</Filter>
    </ClInclude>
    <ClInclude Include="Wall.h">
      <Filter>Файлы заголовков\Cellls</Filter>
    </ClInclude>
    <ClInclude Include="Singltone.h">
      <Filter>Файлы заголовков</Filter>
    </ClInclude>
    <ClInclude Include="ExitsVector.h">
      <Filter>Файлы заголовков</Filter>
    </ClInclude>
    <ClInclude Include="ExitException.h">
      <Filter>Файлы заголовков\Exceptions</Filter>
    </ClInclude>
    <ClInclude Include="AddCellException.h">
      <Filter>Файлы заголовков\Exceptions</Filter>
    </ClInclude>
    <ClInclude Include="Player.h">
      <Filter>Файлы заголовков\Entity</Filter>
    </ClInclude>
  </ItemGroup>
</Project>